// !$*UTF8*$!
{
	archiveVersion = 1;
	classes = {
	};
	objectVersion = 50;
	objects = {

/* Begin PBXBuildFile section */
		2F02852425A072D1007E055E /* Colors.xcassets in Resources */ = {isa = PBXBuildFile; fileRef = 2F02852325A072D1007E055E /* Colors.xcassets */; };
		2F02852725A07E2B007E055E /* UIButtonExtensions.swift in Sources */ = {isa = PBXBuildFile; fileRef = 2F02852625A07E2B007E055E /* UIButtonExtensions.swift */; };
		2F02852A25A080B6007E055E /* AddTripViewController.storyboard in Resources */ = {isa = PBXBuildFile; fileRef = 2F02852925A080B6007E055E /* AddTripViewController.storyboard */; };
		2F02852E25A080F1007E055E /* AddTripViewController.swift in Sources */ = {isa = PBXBuildFile; fileRef = 2F02852D25A080F1007E055E /* AddTripViewController.swift */; };
		2F02853325A087C8007E055E /* PopupUIView.swift in Sources */ = {isa = PBXBuildFile; fileRef = 2F02853225A087C8007E055E /* PopupUIView.swift */; };
		2F02853725A0898F007E055E /* ActionUIButton.swift in Sources */ = {isa = PBXBuildFile; fileRef = 2F02853625A0898F007E055E /* ActionUIButton.swift */; };
		2F3DCA72259F0F67004B5804 /* AppDelegate.swift in Sources */ = {isa = PBXBuildFile; fileRef = 2F3DCA71259F0F67004B5804 /* AppDelegate.swift */; };
		2F3DCA74259F0F67004B5804 /* SceneDelegate.swift in Sources */ = {isa = PBXBuildFile; fileRef = 2F3DCA73259F0F67004B5804 /* SceneDelegate.swift */; };
		2F3DCA7B259F0F6B004B5804 /* Assets.xcassets in Resources */ = {isa = PBXBuildFile; fileRef = 2F3DCA7A259F0F6B004B5804 /* Assets.xcassets */; };
		2F3DCA7E259F0F6B004B5804 /* LaunchScreen.storyboard in Resources */ = {isa = PBXBuildFile; fileRef = 2F3DCA7C259F0F6B004B5804 /* LaunchScreen.storyboard */; };
		2F3DCA8A259F3681004B5804 /* TripModel.swift in Sources */ = {isa = PBXBuildFile; fileRef = 2F3DCA89259F3681004B5804 /* TripModel.swift */; };
		2F3DCA8E259F368E004B5804 /* TripFunctions.swift in Sources */ = {isa = PBXBuildFile; fileRef = 2F3DCA8D259F368E004B5804 /* TripFunctions.swift */; };
		2F3DCA91259F3904004B5804 /* Data.swift in Sources */ = {isa = PBXBuildFile; fileRef = 2F3DCA90259F3904004B5804 /* Data.swift */; };
		2F3DCA9625A03539004B5804 /* TripsViewController.storyboard in Resources */ = {isa = PBXBuildFile; fileRef = 2F3DCA9525A03539004B5804 /* TripsViewController.storyboard */; };
		2F3DCAA125A037FB004B5804 /* TripsViewController.swift in Sources */ = {isa = PBXBuildFile; fileRef = 2F3DCAA025A037FB004B5804 /* TripsViewController.swift */; };
		2F3DCAA525A045B6004B5804 /* TripsTableViewCell.swift in Sources */ = {isa = PBXBuildFile; fileRef = 2F3DCAA425A045B6004B5804 /* TripsTableViewCell.swift */; };
		2F3DCAAE25A05ADE004B5804 /* UIViewExtentions.swift in Sources */ = {isa = PBXBuildFile; fileRef = 2F3DCAAD25A05ADE004B5804 /* UIViewExtentions.swift */; };
		2F3DCAB325A05C3B004B5804 /* Theme.swift in Sources */ = {isa = PBXBuildFile; fileRef = 2F3DCAB225A05C3B004B5804 /* Theme.swift */; };
		2F3DCAB725A05CF9004B5804 /* FugazOne-Regular.ttf in Resources */ = {isa = PBXBuildFile; fileRef = 2F3DCAB625A05CF9004B5804 /* FugazOne-Regular.ttf */; };
/* End PBXBuildFile section */

/* Begin PBXFileReference section */
		2F02852325A072D1007E055E /* Colors.xcassets */ = {isa = PBXFileReference; lastKnownFileType = folder.assetcatalog; path = Colors.xcassets; sourceTree = "<group>"; };
		2F02852625A07E2B007E055E /* UIButtonExtensions.swift */ = {isa = PBXFileReference; lastKnownFileType = sourcecode.swift; path = UIButtonExtensions.swift; sourceTree = "<group>"; };
		2F02852925A080B6007E055E /* AddTripViewController.storyboard */ = {isa = PBXFileReference; fileEncoding = 4; lastKnownFileType = file.storyboard; path = AddTripViewController.storyboard; sourceTree = "<group>"; };
		2F02852D25A080F1007E055E /* AddTripViewController.swift */ = {isa = PBXFileReference; lastKnownFileType = sourcecode.swift; path = AddTripViewController.swift; sourceTree = "<group>"; };
		2F02853225A087C8007E055E /* PopupUIView.swift */ = {isa = PBXFileReference; lastKnownFileType = sourcecode.swift; path = PopupUIView.swift; sourceTree = "<group>"; };
		2F02853625A0898F007E055E /* ActionUIButton.swift */ = {isa = PBXFileReference; lastKnownFileType = sourcecode.swift; path = ActionUIButton.swift; sourceTree = "<group>"; };
		2F3DCA6E259F0F67004B5804 /* Travelio.app */ = {isa = PBXFileReference; explicitFileType = wrapper.application; includeInIndex = 0; path = Travelio.app; sourceTree = BUILT_PRODUCTS_DIR; };
		2F3DCA71259F0F67004B5804 /* AppDelegate.swift */ = {isa = PBXFileReference; lastKnownFileType = sourcecode.swift; path = AppDelegate.swift; sourceTree = "<group>"; };
		2F3DCA73259F0F67004B5804 /* SceneDelegate.swift */ = {isa = PBXFileReference; lastKnownFileType = sourcecode.swift; path = SceneDelegate.swift; sourceTree = "<group>"; };
		2F3DCA7A259F0F6B004B5804 /* Assets.xcassets */ = {isa = PBXFileReference; lastKnownFileType = folder.assetcatalog; path = Assets.xcassets; sourceTree = "<group>"; };
		2F3DCA7D259F0F6B004B5804 /* Base */ = {isa = PBXFileReference; lastKnownFileType = file.storyboard; name = Base; path = Base.lproj/LaunchScreen.storyboard; sourceTree = "<group>"; };
		2F3DCA7F259F0F6B004B5804 /* Info.plist */ = {isa = PBXFileReference; lastKnownFileType = text.plist.xml; path = Info.plist; sourceTree = "<group>"; };
		2F3DCA89259F3681004B5804 /* TripModel.swift */ = {isa = PBXFileReference; lastKnownFileType = sourcecode.swift; path = TripModel.swift; sourceTree = "<group>"; };
		2F3DCA8D259F368E004B5804 /* TripFunctions.swift */ = {isa = PBXFileReference; lastKnownFileType = sourcecode.swift; path = TripFunctions.swift; sourceTree = "<group>"; };
		2F3DCA90259F3904004B5804 /* Data.swift */ = {isa = PBXFileReference; lastKnownFileType = sourcecode.swift; path = Data.swift; sourceTree = "<group>"; };
		2F3DCA9525A03539004B5804 /* TripsViewController.storyboard */ = {isa = PBXFileReference; lastKnownFileType = file.storyboard; path = TripsViewController.storyboard; sourceTree = "<group>"; };
		2F3DCAA025A037FB004B5804 /* TripsViewController.swift */ = {isa = PBXFileReference; lastKnownFileType = sourcecode.swift; path = TripsViewController.swift; sourceTree = "<group>"; };
		2F3DCAA425A045B6004B5804 /* TripsTableViewCell.swift */ = {isa = PBXFileReference; lastKnownFileType = sourcecode.swift; path = TripsTableViewCell.swift; sourceTree = "<group>"; };
		2F3DCAAD25A05ADE004B5804 /* UIViewExtentions.swift */ = {isa = PBXFileReference; lastKnownFileType = sourcecode.swift; path = UIViewExtentions.swift; sourceTree = "<group>"; };
		2F3DCAB225A05C3B004B5804 /* Theme.swift */ = {isa = PBXFileReference; lastKnownFileType = sourcecode.swift; path = Theme.swift; sourceTree = "<group>"; };
		2F3DCAB625A05CF9004B5804 /* FugazOne-Regular.ttf */ = {isa = PBXFileReference; lastKnownFileType = file; path = "FugazOne-Regular.ttf"; sourceTree = "<group>"; };
/* End PBXFileReference section */

/* Begin PBXFrameworksBuildPhase section */
		2F3DCA6B259F0F67004B5804 /* Frameworks */ = {
			isa = PBXFrameworksBuildPhase;
			buildActionMask = 2147483647;
			files = (
			);
			runOnlyForDeploymentPostprocessing = 0;
		};
/* End PBXFrameworksBuildPhase section */

/* Begin PBXGroup section */
		2F02852C25A080BC007E055E /* AddTripViewContoller */ = {
			isa = PBXGroup;
			children = (
				2F02852925A080B6007E055E /* AddTripViewController.storyboard */,
				2F02852D25A080F1007E055E /* AddTripViewController.swift */,
			);
			path = AddTripViewContoller;
			sourceTree = "<group>";
		};
		2F02853125A0879C007E055E /* CustomControls */ = {
			isa = PBXGroup;
			children = (
				2F02853225A087C8007E055E /* PopupUIView.swift */,
				2F02853625A0898F007E055E /* ActionUIButton.swift */,
			);
			path = CustomControls;
			sourceTree = "<group>";
		};
		2F3DCA65259F0F67004B5804 = {
			isa = PBXGroup;
			children = (
				2F3DCA70259F0F67004B5804 /* Travelio */,
				2F3DCA6F259F0F67004B5804 /* Products */,
			);
			sourceTree = "<group>";
		};
		2F3DCA6F259F0F67004B5804 /* Products */ = {
			isa = PBXGroup;
			children = (
				2F3DCA6E259F0F67004B5804 /* Travelio.app */,
			);
			name = Products;
			sourceTree = "<group>";
		};
		2F3DCA70259F0F67004B5804 /* Travelio */ = {
			isa = PBXGroup;
			children = (
				2F3DCAB125A05C27004B5804 /* Resources */,
				2F3DCA9325A03507004B5804 /* Views */,
				2F3DCA87259F3655004B5804 /* Model */,
				2F3DCA71259F0F67004B5804 /* AppDelegate.swift */,
				2F3DCA73259F0F67004B5804 /* SceneDelegate.swift */,
				2F3DCA7A259F0F6B004B5804 /* Assets.xcassets */,
				2F3DCA7C259F0F6B004B5804 /* LaunchScreen.storyboard */,
				2F3DCA7F259F0F6B004B5804 /* Info.plist */,
			);
			path = Travelio;
			sourceTree = "<group>";
		};
		2F3DCA87259F3655004B5804 /* Model */ = {
			isa = PBXGroup;
			children = (
				2F3DCA88259F365E004B5804 /* Trip */,
				2F3DCA90259F3904004B5804 /* Data.swift */,
			);
			path = Model;
			sourceTree = "<group>";
		};
		2F3DCA88259F365E004B5804 /* Trip */ = {
			isa = PBXGroup;
			children = (
				2F3DCA89259F3681004B5804 /* TripModel.swift */,
				2F3DCA8D259F368E004B5804 /* TripFunctions.swift */,
			);
			path = Trip;
			sourceTree = "<group>";
		};
		2F3DCA9325A03507004B5804 /* Views */ = {
			isa = PBXGroup;
			children = (
				2F02852C25A080BC007E055E /* AddTripViewContoller */,
				2F3DCA9425A0350D004B5804 /* TripsViewController */,
			);
			path = Views;
			sourceTree = "<group>";
		};
		2F3DCA9425A0350D004B5804 /* TripsViewController */ = {
			isa = PBXGroup;
			children = (
				2F3DCA9525A03539004B5804 /* TripsViewController.storyboard */,
				2F3DCAA025A037FB004B5804 /* TripsViewController.swift */,
				2F3DCAA425A045B6004B5804 /* TripsTableViewCell.swift */,
			);
			path = TripsViewController;
			sourceTree = "<group>";
		};
		2F3DCAA725A05900004B5804 /* Extensions */ = {
			isa = PBXGroup;
			children = (
				2F3DCAAD25A05ADE004B5804 /* UIViewExtentions.swift */,
				2F02852625A07E2B007E055E /* UIButtonExtensions.swift */,
			);
			path = Extensions;
			sourceTree = "<group>";
		};
		2F3DCAB125A05C27004B5804 /* Resources */ = {
			isa = PBXGroup;
			children = (
				2F02853125A0879C007E055E /* CustomControls */,
				2F3DCAA725A05900004B5804 /* Extensions */,
				2F3DCAB625A05CF9004B5804 /* FugazOne-Regular.ttf */,
				2F3DCAB225A05C3B004B5804 /* Theme.swift */,
				2F02852325A072D1007E055E /* Colors.xcassets */,
			);
			path = Resources;
			sourceTree = "<group>";
		};
/* End PBXGroup section */

/* Begin PBXNativeTarget section */
		2F3DCA6D259F0F67004B5804 /* Travelio */ = {
			isa = PBXNativeTarget;
			buildConfigurationList = 2F3DCA82259F0F6B004B5804 /* Build configuration list for PBXNativeTarget "Travelio" */;
			buildPhases = (
				2F3DCA6A259F0F67004B5804 /* Sources */,
				2F3DCA6B259F0F67004B5804 /* Frameworks */,
				2F3DCA6C259F0F67004B5804 /* Resources */,
			);
			buildRules = (
			);
			dependencies = (
			);
			name = Travelio;
			productName = Travelio;
			productReference = 2F3DCA6E259F0F67004B5804 /* Travelio.app */;
			productType = "com.apple.product-type.application";
		};
/* End PBXNativeTarget section */

/* Begin PBXProject section */
		2F3DCA66259F0F67004B5804 /* Project object */ = {
			isa = PBXProject;
			attributes = {
				LastSwiftUpdateCheck = 1230;
				LastUpgradeCheck = 1230;
				TargetAttributes = {
					2F3DCA6D259F0F67004B5804 = {
						CreatedOnToolsVersion = 12.3;
					};
				};
			};
			buildConfigurationList = 2F3DCA69259F0F67004B5804 /* Build configuration list for PBXProject "Travelio" */;
			compatibilityVersion = "Xcode 9.3";
			developmentRegion = en;
			hasScannedForEncodings = 0;
			knownRegions = (
				en,
				Base,
			);
			mainGroup = 2F3DCA65259F0F67004B5804;
			productRefGroup = 2F3DCA6F259F0F67004B5804 /* Products */;
			projectDirPath = "";
			projectRoot = "";
			targets = (
				2F3DCA6D259F0F67004B5804 /* Travelio */,
			);
		};
/* End PBXProject section */

/* Begin PBXResourcesBuildPhase section */
		2F3DCA6C259F0F67004B5804 /* Resources */ = {
			isa = PBXResourcesBuildPhase;
			buildActionMask = 2147483647;
			files = (
				2F02852A25A080B6007E055E /* AddTripViewController.storyboard in Resources */,
				2F02852425A072D1007E055E /* Colors.xcassets in Resources */,
				2F3DCA7E259F0F6B004B5804 /* LaunchScreen.storyboard in Resources */,
				2F3DCA9625A03539004B5804 /* TripsViewController.storyboard in Resources */,
				2F3DCAB725A05CF9004B5804 /* FugazOne-Regular.ttf in Resources */,
				2F3DCA7B259F0F6B004B5804 /* Assets.xcassets in Resources */,
			);
			runOnlyForDeploymentPostprocessing = 0;
		};
/* End PBXResourcesBuildPhase section */

/* Begin PBXSourcesBuildPhase section */
		2F3DCA6A259F0F67004B5804 /* Sources */ = {
			isa = PBXSourcesBuildPhase;
			buildActionMask = 2147483647;
			files = (
				2F3DCAB325A05C3B004B5804 /* Theme.swift in Sources */,
				2F3DCAA125A037FB004B5804 /* TripsViewController.swift in Sources */,
				2F3DCA72259F0F67004B5804 /* AppDelegate.swift in Sources */,
				2F3DCA91259F3904004B5804 /* Data.swift in Sources */,
				2F3DCAAE25A05ADE004B5804 /* UIViewExtentions.swift in Sources */,
				2F02853325A087C8007E055E /* PopupUIView.swift in Sources */,
				2F02853725A0898F007E055E /* ActionUIButton.swift in Sources */,
				2F02852725A07E2B007E055E /* UIButtonExtensions.swift in Sources */,
				2F3DCA74259F0F67004B5804 /* SceneDelegate.swift in Sources */,
				2F02852E25A080F1007E055E /* AddTripViewController.swift in Sources */,
				2F3DCA8E259F368E004B5804 /* TripFunctions.swift in Sources */,
				2F3DCAA525A045B6004B5804 /* TripsTableViewCell.swift in Sources */,
				2F3DCA8A259F3681004B5804 /* TripModel.swift in Sources */,
			);
			runOnlyForDeploymentPostprocessing = 0;
		};
/* End PBXSourcesBuildPhase section */

/* Begin PBXVariantGroup section */
		2F3DCA7C259F0F6B004B5804 /* LaunchScreen.storyboard */ = {
			isa = PBXVariantGroup;
			children = (
				2F3DCA7D259F0F6B004B5804 /* Base */,
			);
			name = LaunchScreen.storyboard;
			sourceTree = "<group>";
		};
/* End PBXVariantGroup section */

/* Begin XCBuildConfiguration section */
		2F3DCA80259F0F6B004B5804 /* Debug */ = {
			isa = XCBuildConfiguration;
			buildSettings = {
				ALWAYS_SEARCH_USER_PATHS = NO;
				CLANG_ANALYZER_NONNULL = YES;
				CLANG_ANALYZER_NUMBER_OBJECT_CONVERSION = YES_AGGRESSIVE;
				CLANG_CXX_LANGUAGE_STANDARD = "gnu++14";
				CLANG_CXX_LIBRARY = "libc++";
				CLANG_ENABLE_MODULES = YES;
				CLANG_ENABLE_OBJC_ARC = YES;
				CLANG_ENABLE_OBJC_WEAK = YES;
				CLANG_WARN_BLOCK_CAPTURE_AUTORELEASING = YES;
				CLANG_WARN_BOOL_CONVERSION = YES;
				CLANG_WARN_COMMA = YES;
				CLANG_WARN_CONSTANT_CONVERSION = YES;
				CLANG_WARN_DEPRECATED_OBJC_IMPLEMENTATIONS = YES;
				CLANG_WARN_DIRECT_OBJC_ISA_USAGE = YES_ERROR;
				CLANG_WARN_DOCUMENTATION_COMMENTS = YES;
				CLANG_WARN_EMPTY_BODY = YES;
				CLANG_WARN_ENUM_CONVERSION = YES;
				CLANG_WARN_INFINITE_RECURSION = YES;
				CLANG_WARN_INT_CONVERSION = YES;
				CLANG_WARN_NON_LITERAL_NULL_CONVERSION = YES;
				CLANG_WARN_OBJC_IMPLICIT_RETAIN_SELF = YES;
				CLANG_WARN_OBJC_LITERAL_CONVERSION = YES;
				CLANG_WARN_OBJC_ROOT_CLASS = YES_ERROR;
				CLANG_WARN_QUOTED_INCLUDE_IN_FRAMEWORK_HEADER = YES;
				CLANG_WARN_RANGE_LOOP_ANALYSIS = YES;
				CLANG_WARN_STRICT_PROTOTYPES = YES;
				CLANG_WARN_SUSPICIOUS_MOVE = YES;
				CLANG_WARN_UNGUARDED_AVAILABILITY = YES_AGGRESSIVE;
				CLANG_WARN_UNREACHABLE_CODE = YES;
				CLANG_WARN__DUPLICATE_METHOD_MATCH = YES;
				COPY_PHASE_STRIP = NO;
				DEBUG_INFORMATION_FORMAT = dwarf;
				ENABLE_STRICT_OBJC_MSGSEND = YES;
				ENABLE_TESTABILITY = YES;
				GCC_C_LANGUAGE_STANDARD = gnu11;
				GCC_DYNAMIC_NO_PIC = NO;
				GCC_NO_COMMON_BLOCKS = YES;
				GCC_OPTIMIZATION_LEVEL = 0;
				GCC_PREPROCESSOR_DEFINITIONS = (
					"DEBUG=1",
					"$(inherited)",
				);
				GCC_WARN_64_TO_32_BIT_CONVERSION = YES;
				GCC_WARN_ABOUT_RETURN_TYPE = YES_ERROR;
				GCC_WARN_UNDECLARED_SELECTOR = YES;
				GCC_WARN_UNINITIALIZED_AUTOS = YES_AGGRESSIVE;
				GCC_WARN_UNUSED_FUNCTION = YES;
				GCC_WARN_UNUSED_VARIABLE = YES;
				IPHONEOS_DEPLOYMENT_TARGET = 14.3;
				MTL_ENABLE_DEBUG_INFO = INCLUDE_SOURCE;
				MTL_FAST_MATH = YES;
				ONLY_ACTIVE_ARCH = YES;
				SDKROOT = iphoneos;
				SWIFT_ACTIVE_COMPILATION_CONDITIONS = DEBUG;
				SWIFT_OPTIMIZATION_LEVEL = "-Onone";
			};
			name = Debug;
		};
		2F3DCA81259F0F6B004B5804 /* Release */ = {
			isa = XCBuildConfiguration;
			buildSettings = {
				ALWAYS_SEARCH_USER_PATHS = NO;
				CLANG_ANALYZER_NONNULL = YES;
				CLANG_ANALYZER_NUMBER_OBJECT_CONVERSION = YES_AGGRESSIVE;
				CLANG_CXX_LANGUAGE_STANDARD = "gnu++14";
				CLANG_CXX_LIBRARY = "libc++";
				CLANG_ENABLE_MODULES = YES;
				CLANG_ENABLE_OBJC_ARC = YES;
				CLANG_ENABLE_OBJC_WEAK = YES;
				CLANG_WARN_BLOCK_CAPTURE_AUTORELEASING = YES;
				CLANG_WARN_BOOL_CONVERSION = YES;
				CLANG_WARN_COMMA = YES;
				CLANG_WARN_CONSTANT_CONVERSION = YES;
				CLANG_WARN_DEPRECATED_OBJC_IMPLEMENTATIONS = YES;
				CLANG_WARN_DIRECT_OBJC_ISA_USAGE = YES_ERROR;
				CLANG_WARN_DOCUMENTATION_COMMENTS = YES;
				CLANG_WARN_EMPTY_BODY = YES;
				CLANG_WARN_ENUM_CONVERSION = YES;
				CLANG_WARN_INFINITE_RECURSION = YES;
				CLANG_WARN_INT_CONVERSION = YES;
				CLANG_WARN_NON_LITERAL_NULL_CONVERSION = YES;
				CLANG_WARN_OBJC_IMPLICIT_RETAIN_SELF = YES;
				CLANG_WARN_OBJC_LITERAL_CONVERSION = YES;
				CLANG_WARN_OBJC_ROOT_CLASS = YES_ERROR;
				CLANG_WARN_QUOTED_INCLUDE_IN_FRAMEWORK_HEADER = YES;
				CLANG_WARN_RANGE_LOOP_ANALYSIS = YES;
				CLANG_WARN_STRICT_PROTOTYPES = YES;
				CLANG_WARN_SUSPICIOUS_MOVE = YES;
				CLANG_WARN_UNGUARDED_AVAILABILITY = YES_AGGRESSIVE;
				CLANG_WARN_UNREACHABLE_CODE = YES;
				CLANG_WARN__DUPLICATE_METHOD_MATCH = YES;
				COPY_PHASE_STRIP = NO;
				DEBUG_INFORMATION_FORMAT = "dwarf-with-dsym";
				ENABLE_NS_ASSERTIONS = NO;
				ENABLE_STRICT_OBJC_MSGSEND = YES;
				GCC_C_LANGUAGE_STANDARD = gnu11;
				GCC_NO_COMMON_BLOCKS = YES;
				GCC_WARN_64_TO_32_BIT_CONVERSION = YES;
				GCC_WARN_ABOUT_RETURN_TYPE = YES_ERROR;
				GCC_WARN_UNDECLARED_SELECTOR = YES;
				GCC_WARN_UNINITIALIZED_AUTOS = YES_AGGRESSIVE;
				GCC_WARN_UNUSED_FUNCTION = YES;
				GCC_WARN_UNUSED_VARIABLE = YES;
				IPHONEOS_DEPLOYMENT_TARGET = 14.3;
				MTL_ENABLE_DEBUG_INFO = NO;
				MTL_FAST_MATH = YES;
				SDKROOT = iphoneos;
				SWIFT_COMPILATION_MODE = wholemodule;
				SWIFT_OPTIMIZATION_LEVEL = "-O";
				VALIDATE_PRODUCT = YES;
			};
			name = Release;
		};
		2F3DCA83259F0F6B004B5804 /* Debug */ = {
			isa = XCBuildConfiguration;
			buildSettings = {
				ASSETCATALOG_COMPILER_APPICON_NAME = AppIcon;
				ASSETCATALOG_COMPILER_GLOBAL_ACCENT_COLOR_NAME = AccentColor;
				CODE_SIGN_STYLE = Automatic;
				DEVELOPMENT_TEAM = 6J6AHWA2K2;
				INFOPLIST_FILE = Travelio/Info.plist;
				LD_RUNPATH_SEARCH_PATHS = (
					"$(inherited)",
					"@executable_path/Frameworks",
				);
				PRODUCT_BUNDLE_IDENTIFIER = "Rahul-Gala.Travelio";
				PRODUCT_NAME = "$(TARGET_NAME)";
				SWIFT_VERSION = 5.0;
				TARGETED_DEVICE_FAMILY = "1,2";
			};
			name = Debug;
		};
		2F3DCA84259F0F6B004B5804 /* Release */ = {
			isa = XCBuildConfiguration;
			buildSettings = {
				ASSETCATALOG_COMPILER_APPICON_NAME = AppIcon;
				ASSETCATALOG_COMPILER_GLOBAL_ACCENT_COLOR_NAME = AccentColor;
				CODE_SIGN_STYLE = Automatic;
				DEVELOPMENT_TEAM = 6J6AHWA2K2;
				INFOPLIST_FILE = Travelio/Info.plist;
				LD_RUNPATH_SEARCH_PATHS = (
					"$(inherited)",
					"@executable_path/Frameworks",
				);
				PRODUCT_BUNDLE_IDENTIFIER = "Rahul-Gala.Travelio";
				PRODUCT_NAME = "$(TARGET_NAME)";
				SWIFT_VERSION = 5.0;
				TARGETED_DEVICE_FAMILY = "1,2";
			};
			name = Release;
		};
/* End XCBuildConfiguration section */

/* Begin XCConfigurationList section */
		2F3DCA69259F0F67004B5804 /* Build configuration list for PBXProject "Travelio" */ = {
			isa = XCConfigurationList;
			buildConfigurations = (
				2F3DCA80259F0F6B004B5804 /* Debug */,
				2F3DCA81259F0F6B004B5804 /* Release */,
			);
			defaultConfigurationIsVisible = 0;
			defaultConfigurationName = Release;
		};
		2F3DCA82259F0F6B004B5804 /* Build configuration list for PBXNativeTarget "Travelio" */ = {
			isa = XCConfigurationList;
			buildConfigurations = (
				2F3DCA83259F0F6B004B5804 /* Debug */,
				2F3DCA84259F0F6B004B5804 /* Release */,
			);
			defaultConfigurationIsVisible = 0;
			defaultConfigurationName = Release;
		};
/* End XCConfigurationList section */
	};
	rootObject = 2F3DCA66259F0F67004B5804 /* Project object */;
}
